// !$*UTF8*$!
{
	archiveVersion = 1;
	classes = {
	};
	objectVersion = 48;
	objects = {

/* Begin PBXBuildFile section */
		F5C36E0A1F965E31000FA2AC /* AppDelegate.swift in Sources */ = {isa = PBXBuildFile; fileRef = F5C36E091F965E31000FA2AC /* AppDelegate.swift */; };
		F5C36E0C1F965E31000FA2AC /* MainVC.swift in Sources */ = {isa = PBXBuildFile; fileRef = F5C36E0B1F965E31000FA2AC /* MainVC.swift */; };
		F5C36E0F1F965E31000FA2AC /* Main.storyboard in Resources */ = {isa = PBXBuildFile; fileRef = F5C36E0D1F965E31000FA2AC /* Main.storyboard */; };
		F5C36E121F965E31000FA2AC /* PokemonPokedex.xcdatamodeld in Sources */ = {isa = PBXBuildFile; fileRef = F5C36E101F965E31000FA2AC /* PokemonPokedex.xcdatamodeld */; };
		F5C36E141F965E31000FA2AC /* Assets.xcassets in Resources */ = {isa = PBXBuildFile; fileRef = F5C36E131F965E31000FA2AC /* Assets.xcassets */; };
		F5C36E171F965E31000FA2AC /* LaunchScreen.storyboard in Resources */ = {isa = PBXBuildFile; fileRef = F5C36E151F965E31000FA2AC /* LaunchScreen.storyboard */; };
		F5C36E221F966210000FA2AC /* csv.swift in Sources */ = {isa = PBXBuildFile; fileRef = F5C36E201F96620F000FA2AC /* csv.swift */; };
		F5C36E271F96630C000FA2AC /* PokemonCell.swift in Sources */ = {isa = PBXBuildFile; fileRef = F5C36E261F96630C000FA2AC /* PokemonCell.swift */; };
		F5C36E291F96637C000FA2AC /* Pokemon.swift in Sources */ = {isa = PBXBuildFile; fileRef = F5C36E281F96637C000FA2AC /* Pokemon.swift */; };
		F5CD65C41F97AB52004C0192 /* pokemon.csv in Resources */ = {isa = PBXBuildFile; fileRef = F5E58C681F97A9F100C9E304 /* pokemon.csv */; };
		F5CD65C51F97AB58004C0192 /* pokemon.ttf in Resources */ = {isa = PBXBuildFile; fileRef = F5E58C661F97A99A00C9E304 /* pokemon.ttf */; };
		F5D8926E1F9907C200EC6592 /* music.mp3 in Resources */ = {isa = PBXBuildFile; fileRef = F5E58C641F97A97300C9E304 /* music.mp3 */; };
		F5D892701F9909B800EC6592 /* PokemonDetailVC.swift in Sources */ = {isa = PBXBuildFile; fileRef = F5D8926F1F9909B800EC6592 /* PokemonDetailVC.swift */; };
/* End PBXBuildFile section */

/* Begin PBXFileReference section */
		F5C36E061F965E31000FA2AC /* PokemonPokedex.app */ = {isa = PBXFileReference; explicitFileType = wrapper.application; includeInIndex = 0; path = PokemonPokedex.app; sourceTree = BUILT_PRODUCTS_DIR; };
		F5C36E091F965E31000FA2AC /* AppDelegate.swift */ = {isa = PBXFileReference; lastKnownFileType = sourcecode.swift; path = AppDelegate.swift; sourceTree = "<group>"; };
		F5C36E0B1F965E31000FA2AC /* MainVC.swift */ = {isa = PBXFileReference; lastKnownFileType = sourcecode.swift; path = MainVC.swift; sourceTree = "<group>"; };
		F5C36E0E1F965E31000FA2AC /* Base */ = {isa = PBXFileReference; lastKnownFileType = file.storyboard; name = Base; path = Base.lproj/Main.storyboard; sourceTree = "<group>"; };
		F5C36E111F965E31000FA2AC /* PokemonPokedex.xcdatamodel */ = {isa = PBXFileReference; lastKnownFileType = wrapper.xcdatamodel; path = PokemonPokedex.xcdatamodel; sourceTree = "<group>"; };
		F5C36E131F965E31000FA2AC /* Assets.xcassets */ = {isa = PBXFileReference; lastKnownFileType = folder.assetcatalog; path = Assets.xcassets; sourceTree = "<group>"; };
		F5C36E161F965E31000FA2AC /* Base */ = {isa = PBXFileReference; lastKnownFileType = file.storyboard; name = Base; path = Base.lproj/LaunchScreen.storyboard; sourceTree = "<group>"; };
		F5C36E181F965E31000FA2AC /* Info.plist */ = {isa = PBXFileReference; lastKnownFileType = text.plist.xml; path = Info.plist; sourceTree = "<group>"; };
		F5C36E201F96620F000FA2AC /* csv.swift */ = {isa = PBXFileReference; lastKnownFileType = sourcecode.swift; path = csv.swift; sourceTree = "<group>"; };
		F5C36E261F96630C000FA2AC /* PokemonCell.swift */ = {isa = PBXFileReference; lastKnownFileType = sourcecode.swift; path = PokemonCell.swift; sourceTree = "<group>"; };
		F5C36E281F96637C000FA2AC /* Pokemon.swift */ = {isa = PBXFileReference; lastKnownFileType = sourcecode.swift; path = Pokemon.swift; sourceTree = "<group>"; };
		F5D8926F1F9909B800EC6592 /* PokemonDetailVC.swift */ = {isa = PBXFileReference; lastKnownFileType = sourcecode.swift; path = PokemonDetailVC.swift; sourceTree = "<group>"; };
		F5E58C641F97A97300C9E304 /* music.mp3 */ = {isa = PBXFileReference; lastKnownFileType = audio.mp3; path = music.mp3; sourceTree = "<group>"; };
		F5E58C661F97A99A00C9E304 /* pokemon.ttf */ = {isa = PBXFileReference; lastKnownFileType = file; path = pokemon.ttf; sourceTree = "<group>"; };
		F5E58C681F97A9F100C9E304 /* pokemon.csv */ = {isa = PBXFileReference; lastKnownFileType = text; path = pokemon.csv; sourceTree = "<group>"; };
/* End PBXFileReference section */

/* Begin PBXFrameworksBuildPhase section */
		F5C36E031F965E31000FA2AC /* Frameworks */ = {
			isa = PBXFrameworksBuildPhase;
			buildActionMask = 2147483647;
			files = (
			);
			runOnlyForDeploymentPostprocessing = 0;
		};
/* End PBXFrameworksBuildPhase section */

/* Begin PBXGroup section */
		F5C36DFD1F965E31000FA2AC = {
			isa = PBXGroup;
			children = (
				F5C36E081F965E31000FA2AC /* PokemonPokedex */,
				F5C36E071F965E31000FA2AC /* Products */,
			);
			sourceTree = "<group>";
		};
		F5C36E071F965E31000FA2AC /* Products */ = {
			isa = PBXGroup;
			children = (
				F5C36E061F965E31000FA2AC /* PokemonPokedex.app */,
			);
			name = Products;
			sourceTree = "<group>";
		};
		F5C36E081F965E31000FA2AC /* PokemonPokedex */ = {
			isa = PBXGroup;
			children = (
				F5E58C631F97A84E00C9E304 /* Util */,
				F5C36E251F9662E6000FA2AC /* Model */,
				F5C36E241F9662E0000FA2AC /* View */,
				F5C36E231F96629A000FA2AC /* Controller */,
				F5C36E091F965E31000FA2AC /* AppDelegate.swift */,
				F5E58C661F97A99A00C9E304 /* pokemon.ttf */,
				F5E58C681F97A9F100C9E304 /* pokemon.csv */,
				F5E58C641F97A97300C9E304 /* music.mp3 */,
				F5C36E0D1F965E31000FA2AC /* Main.storyboard */,
				F5C36E131F965E31000FA2AC /* Assets.xcassets */,
				F5C36E151F965E31000FA2AC /* LaunchScreen.storyboard */,
				F5C36E181F965E31000FA2AC /* Info.plist */,
				F5C36E101F965E31000FA2AC /* PokemonPokedex.xcdatamodeld */,
			);
			path = PokemonPokedex;
			sourceTree = "<group>";
		};
		F5C36E231F96629A000FA2AC /* Controller */ = {
			isa = PBXGroup;
			children = (
				F5C36E0B1F965E31000FA2AC /* MainVC.swift */,
				F5D8926F1F9909B800EC6592 /* PokemonDetailVC.swift */,
			);
			path = Controller;
			sourceTree = "<group>";
		};
		F5C36E241F9662E0000FA2AC /* View */ = {
			isa = PBXGroup;
			children = (
				F5C36E261F96630C000FA2AC /* PokemonCell.swift */,
			);
			path = View;
			sourceTree = "<group>";
		};
		F5C36E251F9662E6000FA2AC /* Model */ = {
			isa = PBXGroup;
			children = (
				F5C36E281F96637C000FA2AC /* Pokemon.swift */,
			);
			path = Model;
			sourceTree = "<group>";
		};
		F5E58C631F97A84E00C9E304 /* Util */ = {
			isa = PBXGroup;
			children = (
				F5C36E201F96620F000FA2AC /* csv.swift */,
			);
			path = Util;
			sourceTree = "<group>";
		};
/* End PBXGroup section */

/* Begin PBXNativeTarget section */
		F5C36E051F965E31000FA2AC /* PokemonPokedex */ = {
			isa = PBXNativeTarget;
			buildConfigurationList = F5C36E1B1F965E31000FA2AC /* Build configuration list for PBXNativeTarget "PokemonPokedex" */;
			buildPhases = (
				F5C36E021F965E31000FA2AC /* Sources */,
				F5C36E031F965E31000FA2AC /* Frameworks */,
				F5C36E041F965E31000FA2AC /* Resources */,
			);
			buildRules = (
			);
			dependencies = (
			);
			name = PokemonPokedex;
			productName = PokemonPokedex;
			productReference = F5C36E061F965E31000FA2AC /* PokemonPokedex.app */;
			productType = "com.apple.product-type.application";
		};
/* End PBXNativeTarget section */

/* Begin PBXProject section */
		F5C36DFE1F965E31000FA2AC /* Project object */ = {
			isa = PBXProject;
			attributes = {
				LastSwiftUpdateCheck = 0900;
				LastUpgradeCheck = 0900;
				ORGANIZATIONNAME = NeonatCore;
				TargetAttributes = {
					F5C36E051F965E31000FA2AC = {
						CreatedOnToolsVersion = 9.0;
						ProvisioningStyle = Automatic;
					};
				};
			};
			buildConfigurationList = F5C36E011F965E31000FA2AC /* Build configuration list for PBXProject "PokemonPokedex" */;
			compatibilityVersion = "Xcode 8.0";
			developmentRegion = en;
			hasScannedForEncodings = 0;
			knownRegions = (
				en,
				Base,
			);
			mainGroup = F5C36DFD1F965E31000FA2AC;
			productRefGroup = F5C36E071F965E31000FA2AC /* Products */;
			projectDirPath = "";
			projectRoot = "";
			targets = (
				F5C36E051F965E31000FA2AC /* PokemonPokedex */,
			);
		};
/* End PBXProject section */

/* Begin PBXResourcesBuildPhase section */
		F5C36E041F965E31000FA2AC /* Resources */ = {
			isa = PBXResourcesBuildPhase;
			buildActionMask = 2147483647;
			files = (
				F5CD65C51F97AB58004C0192 /* pokemon.ttf in Resources */,
				F5C36E171F965E31000FA2AC /* LaunchScreen.storyboard in Resources */,
				F5D8926E1F9907C200EC6592 /* music.mp3 in Resources */,
				F5C36E141F965E31000FA2AC /* Assets.xcassets in Resources */,
				F5CD65C41F97AB52004C0192 /* pokemon.csv in Resources */,
				F5C36E0F1F965E31000FA2AC /* Main.storyboard in Resources */,
			);
			runOnlyForDeploymentPostprocessing = 0;
		};
/* End PBXResourcesBuildPhase section */

/* Begin PBXSourcesBuildPhase section */
		F5C36E021F965E31000FA2AC /* Sources */ = {
			isa = PBXSourcesBuildPhase;
			buildActionMask = 2147483647;
			files = (
				F5C36E271F96630C000FA2AC /* PokemonCell.swift in Sources */,
				F5C36E221F966210000FA2AC /* csv.swift in Sources */,
				F5C36E121F965E31000FA2AC /* PokemonPokedex.xcdatamodeld in Sources */,
				F5C36E0C1F965E31000FA2AC /* MainVC.swift in Sources */,
				F5D892701F9909B800EC6592 /* PokemonDetailVC.swift in Sources */,
				F5C36E0A1F965E31000FA2AC /* AppDelegate.swift in Sources */,
				F5C36E291F96637C000FA2AC /* Pokemon.swift in Sources */,
			);
			runOnlyForDeploymentPostprocessing = 0;
		};
/* End PBXSourcesBuildPhase section */

/* Begin PBXVariantGroup section */
		F5C36E0D1F965E31000FA2AC /* Main.storyboard */ = {
			isa = PBXVariantGroup;
			children = (
				F5C36E0E1F965E31000FA2AC /* Base */,
			);
			name = Main.storyboard;
			sourceTree = "<group>";
		};
		F5C36E151F965E31000FA2AC /* LaunchScreen.storyboard */ = {
			isa = PBXVariantGroup;
			children = (
				F5C36E161F965E31000FA2AC /* Base */,
			);
			name = LaunchScreen.storyboard;
			sourceTree = "<group>";
		};
/* End PBXVariantGroup section */

/* Begin XCBuildConfiguration section */
		F5C36E191F965E31000FA2AC /* Debug */ = {
			isa = XCBuildConfiguration;
			buildSettings = {
				ALWAYS_SEARCH_USER_PATHS = NO;
				CLANG_ANALYZER_NONNULL = YES;
				CLANG_ANALYZER_NUMBER_OBJECT_CONVERSION = YES_AGGRESSIVE;
				CLANG_CXX_LANGUAGE_STANDARD = "gnu++14";
				CLANG_CXX_LIBRARY = "libc++";
				CLANG_ENABLE_MODULES = YES;
				CLANG_ENABLE_OBJC_ARC = YES;
				CLANG_WARN_BLOCK_CAPTURE_AUTORELEASING = YES;
				CLANG_WARN_BOOL_CONVERSION = YES;
				CLANG_WARN_COMMA = YES;
				CLANG_WARN_CONSTANT_CONVERSION = YES;
				CLANG_WARN_DIRECT_OBJC_ISA_USAGE = YES_ERROR;
				CLANG_WARN_DOCUMENTATION_COMMENTS = YES;
				CLANG_WARN_EMPTY_BODY = YES;
				CLANG_WARN_ENUM_CONVERSION = YES;
				CLANG_WARN_INFINITE_RECURSION = YES;
				CLANG_WARN_INT_CONVERSION = YES;
				CLANG_WARN_NON_LITERAL_NULL_CONVERSION = YES;
				CLANG_WARN_OBJC_LITERAL_CONVERSION = YES;
				CLANG_WARN_OBJC_ROOT_CLASS = YES_ERROR;
				CLANG_WARN_RANGE_LOOP_ANALYSIS = YES;
				CLANG_WARN_STRICT_PROTOTYPES = YES;
				CLANG_WARN_SUSPICIOUS_MOVE = YES;
				CLANG_WARN_UNGUARDED_AVAILABILITY = YES_AGGRESSIVE;
				CLANG_WARN_UNREACHABLE_CODE = YES;
				CLANG_WARN__DUPLICATE_METHOD_MATCH = YES;
				CODE_SIGN_IDENTITY = "iPhone Developer";
				COPY_PHASE_STRIP = NO;
				DEBUG_INFORMATION_FORMAT = dwarf;
				ENABLE_STRICT_OBJC_MSGSEND = YES;
				ENABLE_TESTABILITY = YES;
				GCC_C_LANGUAGE_STANDARD = gnu11;
				GCC_DYNAMIC_NO_PIC = NO;
				GCC_NO_COMMON_BLOCKS = YES;
				GCC_OPTIMIZATION_LEVEL = 0;
				GCC_PREPROCESSOR_DEFINITIONS = (
					"DEBUG=1",
					"$(inherited)",
				);
				GCC_WARN_64_TO_32_BIT_CONVERSION = YES;
				GCC_WARN_ABOUT_RETURN_TYPE = YES_ERROR;
				GCC_WARN_UNDECLARED_SELECTOR = YES;
				GCC_WARN_UNINITIALIZED_AUTOS = YES_AGGRESSIVE;
				GCC_WARN_UNUSED_FUNCTION = YES;
				GCC_WARN_UNUSED_VARIABLE = YES;
				IPHONEOS_DEPLOYMENT_TARGET = 11.0;
				MTL_ENABLE_DEBUG_INFO = YES;
				ONLY_ACTIVE_ARCH = YES;
				SDKROOT = iphoneos;
				SWIFT_ACTIVE_COMPILATION_CONDITIONS = DEBUG;
				SWIFT_OPTIMIZATION_LEVEL = "-Onone";
			};
			name = Debug;
		};
		F5C36E1A1F965E31000FA2AC /* Release */ = {
			isa = XCBuildConfiguration;
			buildSettings = {
				ALWAYS_SEARCH_USER_PATHS = NO;
				CLANG_ANALYZER_NONNULL = YES;
				CLANG_ANALYZER_NUMBER_OBJECT_CONVERSION = YES_AGGRESSIVE;
				CLANG_CXX_LANGUAGE_STANDARD = "gnu++14";
				CLANG_CXX_LIBRARY = "libc++";
				CLANG_ENABLE_MODULES = YES;
				CLANG_ENABLE_OBJC_ARC = YES;
				CLANG_WARN_BLOCK_CAPTURE_AUTORELEASING = YES;
				CLANG_WARN_BOOL_CONVERSION = YES;
				CLANG_WARN_COMMA = YES;
				CLANG_WARN_CONSTANT_CONVERSION = YES;
				CLANG_WARN_DIRECT_OBJC_ISA_USAGE = YES_ERROR;
				CLANG_WARN_DOCUMENTATION_COMMENTS = YES;
				CLANG_WARN_EMPTY_BODY = YES;
				CLANG_WARN_ENUM_CONVERSION = YES;
				CLANG_WARN_INFINITE_RECURSION = YES;
				CLANG_WARN_INT_CONVERSION = YES;
				CLANG_WARN_NON_LITERAL_NULL_CONVERSION = YES;
				CLANG_WARN_OBJC_LITERAL_CONVERSION = YES;
				CLANG_WARN_OBJC_ROOT_CLASS = YES_ERROR;
				CLANG_WARN_RANGE_LOOP_ANALYSIS = YES;
				CLANG_WARN_STRICT_PROTOTYPES = YES;
				CLANG_WARN_SUSPICIOUS_MOVE = YES;
				CLANG_WARN_UNGUARDED_AVAILABILITY = YES_AGGRESSIVE;
				CLANG_WARN_UNREACHABLE_CODE = YES;
				CLANG_WARN__DUPLICATE_METHOD_MATCH = YES;
				CODE_SIGN_IDENTITY = "iPhone Developer";
				COPY_PHASE_STRIP = NO;
				DEBUG_INFORMATION_FORMAT = "dwarf-with-dsym";
				ENABLE_NS_ASSERTIONS = NO;
				ENABLE_STRICT_OBJC_MSGSEND = YES;
				GCC_C_LANGUAGE_STANDARD = gnu11;
				GCC_NO_COMMON_BLOCKS = YES;
				GCC_WARN_64_TO_32_BIT_CONVERSION = YES;
				GCC_WARN_ABOUT_RETURN_TYPE = YES_ERROR;
				GCC_WARN_UNDECLARED_SELECTOR = YES;
				GCC_WARN_UNINITIALIZED_AUTOS = YES_AGGRESSIVE;
				GCC_WARN_UNUSED_FUNCTION = YES;
				GCC_WARN_UNUSED_VARIABLE = YES;
				IPHONEOS_DEPLOYMENT_TARGET = 11.0;
				MTL_ENABLE_DEBUG_INFO = NO;
				SDKROOT = iphoneos;
				SWIFT_OPTIMIZATION_LEVEL = "-Owholemodule";
				VALIDATE_PRODUCT = YES;
			};
			name = Release;
		};
		F5C36E1C1F965E31000FA2AC /* Debug */ = {
			isa = XCBuildConfiguration;
			buildSettings = {
				ASSETCATALOG_COMPILER_APPICON_NAME = AppIcon;
				CODE_SIGN_STYLE = Automatic;
				DEVELOPMENT_TEAM = Y2M3TGJYMN;
				INFOPLIST_FILE = PokemonPokedex/Info.plist;
				LD_RUNPATH_SEARCH_PATHS = "$(inherited) @executable_path/Frameworks";
				PRODUCT_BUNDLE_IDENTIFIER = com.neonatcore.PokemonPokedex;
				PRODUCT_NAME = "$(TARGET_NAME)";
				SWIFT_VERSION = 4.0;
				TARGETED_DEVICE_FAMILY = 1;
			};
			name = Debug;
		};
		F5C36E1D1F965E31000FA2AC /* Release */ = {
			isa = XCBuildConfiguration;
			buildSettings = {
				ASSETCATALOG_COMPILER_APPICON_NAME = AppIcon;
				CODE_SIGN_STYLE = Automatic;
				DEVELOPMENT_TEAM = Y2M3TGJYMN;
				INFOPLIST_FILE = PokemonPokedex/Info.plist;
				LD_RUNPATH_SEARCH_PATHS = "$(inherited) @executable_path/Frameworks";
				PRODUCT_BUNDLE_IDENTIFIER = com.neonatcore.PokemonPokedex;
				PRODUCT_NAME = "$(TARGET_NAME)";
				SWIFT_VERSION = 4.0;
				TARGETED_DEVICE_FAMILY = 1;
			};
			name = Release;
		};
/* End XCBuildConfiguration section */

/* Begin XCConfigurationList section */
		F5C36E011F965E31000FA2AC /* Build configuration list for PBXProject "PokemonPokedex" */ = {
			isa = XCConfigurationList;
			buildConfigurations = (
				F5C36E191F965E31000FA2AC /* Debug */,
				F5C36E1A1F965E31000FA2AC /* Release */,
			);
			defaultConfigurationIsVisible = 0;
			defaultConfigurationName = Release;
		};
		F5C36E1B1F965E31000FA2AC /* Build configuration list for PBXNativeTarget "PokemonPokedex" */ = {
			isa = XCConfigurationList;
			buildConfigurations = (
				F5C36E1C1F965E31000FA2AC /* Debug */,
				F5C36E1D1F965E31000FA2AC /* Release */,
			);
			defaultConfigurationIsVisible = 0;
			defaultConfigurationName = Release;
		};
/* End XCConfigurationList section */

/* Begin XCVersionGroup section */
		F5C36E101F965E31000FA2AC /* PokemonPokedex.xcdatamodeld */ = {
			isa = XCVersionGroup;
			children = (
				F5C36E111F965E31000FA2AC /* PokemonPokedex.xcdatamodel */,
			);
			currentVersion = F5C36E111F965E31000FA2AC /* PokemonPokedex.xcdatamodel */;
			path = PokemonPokedex.xcdatamodeld;
			sourceTree = "<group>";
			versionGroupType = wrapper.xcdatamodel;
		};
/* End XCVersionGroup section */
	};
	rootObject = F5C36DFE1F965E31000FA2AC /* Project object */;
}
